
Microsoft Visual Studio Solution File, Format Version 12.00
# Visual Studio Version 17
VisualStudioVersion = 17.5.33414.496
MinimumVisualStudioVersion = 10.0.40219.1
Project("{FAE04EC0-301F-11D3-BF4B-00C04F79EFBC}") = "SensorUI", "SensorUI\SensorUI.csproj", "{476D65EA-3B12-4C86-8BAF-C9B95276D981}"
EndProject
Global
	GlobalSection(SolutionConfigurationPlatforms) = preSolution
		Debug|Any CPU = Debug|Any CPU
		Release|Any CPU = Release|Any CPU
	EndGlobalSection
	GlobalSection(ProjectConfigurationPlatforms) = postSolution
		{476D65EA-3B12-4C86-8BAF-C9B95276D981}.Debug|Any CPU.ActiveCfg = Debug|Any CPU
		{476D65EA-3B12-4C86-8BAF-C9B95276D981}.Debug|Any CPU.Build.0 = Debug|Any CPU
		{476D65EA-3B12-4C86-8BAF-C9B95276D981}.Release|Any CPU.ActiveCfg = Release|Any CPU
		{476D65EA-3B12-4C86-8BAF-C9B95276D981}.Release|Any CPU.Build.0 = Release|Any CPU
	EndGlobalSection
	GlobalSection(SolutionProperties) = preSolution
		HideSolutionNode = FALSE
	EndGlobalSection
	GlobalSection(ExtensibilityGlobals) = postSolution
		SolutionGuid = {7DF6BC60-98ED-4C3A-9957-48E0F49B44AC}
	EndGlobalSection
EndGlobal
